
Microsoft Visual Studio Solution File, Format Version 12.00
# Visual Studio Version 17
VisualStudioVersion = 17.11.35303.130
MinimumVisualStudioVersion = 10.0.40219.1
Project("{9A19103F-16F7-4668-BE54-9A1E7A4F7556}") = "HealthifyApp.Web", "HealthifyApp.Web\HealthifyApp.Web.csproj", "{DD02AE23-65F6-4BDD-977D-8609F29D50D5}"
EndProject
Project("{2150E333-8FDC-42A3-9474-1A3956D46DE8}") = "Web", "Web", "{9D857C2C-056F-4EBC-B5AA-6F2788F7D11C}"
EndProject
Project("{2150E333-8FDC-42A3-9474-1A3956D46DE8}") = "Data", "Data", "{BCAAB474-B9BD-4E78-ADA5-028518D43D2A}"
EndProject
Project("{2150E333-8FDC-42A3-9474-1A3956D46DE8}") = "Service", "Service", "{85A9F396-6366-4BDB-96BD-7ABDA5C71458}"
EndProject
Project("{9A19103F-16F7-4668-BE54-9A1E7A4F7556}") = "HealthifyApp.Common", "HealthifyApp.Common\HealthifyApp.Common.csproj", "{85533282-1B6D-49CD-BD08-824A3F24DADF}"
EndProject
Project("{9A19103F-16F7-4668-BE54-9A1E7A4F7556}") = "HealthifyApp.Data", "HealthifyApp.Data\HealthifyApp.Data.csproj", "{19363107-2952-4BA5-B966-CFD85B24AF73}"
EndProject
Project("{9A19103F-16F7-4668-BE54-9A1E7A4F7556}") = "HealthifyApp.Data.Models", "HealthifyApp.Data.Models\HealthifyApp.Data.Models.csproj", "{5DC5B58A-30D3-4152-A046-52BEC34F5358}"
EndProject
Project("{9A19103F-16F7-4668-BE54-9A1E7A4F7556}") = "HealthifyApp.Web.ViewModels", "HealthifyApp.Web.ViewModels\HealthifyApp.Web.ViewModels.csproj", "{CA8ABE57-5440-4FD1-B02B-AD20F6CD0D09}"
EndProject
Project("{9A19103F-16F7-4668-BE54-9A1E7A4F7556}") = "HealthifyApp.Web.Infrastructure", "HealthifyApp.Web.Infrastructure\HealthifyApp.Web.Infrastructure.csproj", "{2EC1970E-C9B6-4117-B54B-5A105E24329C}"
EndProject
Project("{FAE04EC0-301F-11D3-BF4B-00C04F79EFBC}") = "Healthify.Service.Data", "Healthify.Service.Data\Healthify.Service.Data.csproj", "{0970C7B9-18AC-43CA-9753-99A5DA7FECCA}"
EndProject
Global
	GlobalSection(SolutionConfigurationPlatforms) = preSolution
		Debug|Any CPU = Debug|Any CPU
		Release|Any CPU = Release|Any CPU
	EndGlobalSection
	GlobalSection(ProjectConfigurationPlatforms) = postSolution
		{DD02AE23-65F6-4BDD-977D-8609F29D50D5}.Debug|Any CPU.ActiveCfg = Debug|Any CPU
		{DD02AE23-65F6-4BDD-977D-8609F29D50D5}.Debug|Any CPU.Build.0 = Debug|Any CPU
		{DD02AE23-65F6-4BDD-977D-8609F29D50D5}.Release|Any CPU.ActiveCfg = Release|Any CPU
		{DD02AE23-65F6-4BDD-977D-8609F29D50D5}.Release|Any CPU.Build.0 = Release|Any CPU
		{85533282-1B6D-49CD-BD08-824A3F24DADF}.Debug|Any CPU.ActiveCfg = Debug|Any CPU
		{85533282-1B6D-49CD-BD08-824A3F24DADF}.Debug|Any CPU.Build.0 = Debug|Any CPU
		{85533282-1B6D-49CD-BD08-824A3F24DADF}.Release|Any CPU.ActiveCfg = Release|Any CPU
		{85533282-1B6D-49CD-BD08-824A3F24DADF}.Release|Any CPU.Build.0 = Release|Any CPU
		{19363107-2952-4BA5-B966-CFD85B24AF73}.Debug|Any CPU.ActiveCfg = Debug|Any CPU
		{19363107-2952-4BA5-B966-CFD85B24AF73}.Debug|Any CPU.Build.0 = Debug|Any CPU
		{19363107-2952-4BA5-B966-CFD85B24AF73}.Release|Any CPU.ActiveCfg = Release|Any CPU
		{19363107-2952-4BA5-B966-CFD85B24AF73}.Release|Any CPU.Build.0 = Release|Any CPU
		{5DC5B58A-30D3-4152-A046-52BEC34F5358}.Debug|Any CPU.ActiveCfg = Debug|Any CPU
		{5DC5B58A-30D3-4152-A046-52BEC34F5358}.Debug|Any CPU.Build.0 = Debug|Any CPU
		{5DC5B58A-30D3-4152-A046-52BEC34F5358}.Release|Any CPU.ActiveCfg = Release|Any CPU
		{5DC5B58A-30D3-4152-A046-52BEC34F5358}.Release|Any CPU.Build.0 = Release|Any CPU
		{CA8ABE57-5440-4FD1-B02B-AD20F6CD0D09}.Debug|Any CPU.ActiveCfg = Debug|Any CPU
		{CA8ABE57-5440-4FD1-B02B-AD20F6CD0D09}.Debug|Any CPU.Build.0 = Debug|Any CPU
		{CA8ABE57-5440-4FD1-B02B-AD20F6CD0D09}.Release|Any CPU.ActiveCfg = Release|Any CPU
		{CA8ABE57-5440-4FD1-B02B-AD20F6CD0D09}.Release|Any CPU.Build.0 = Release|Any CPU
		{2EC1970E-C9B6-4117-B54B-5A105E24329C}.Debug|Any CPU.ActiveCfg = Debug|Any CPU
		{2EC1970E-C9B6-4117-B54B-5A105E24329C}.Debug|Any CPU.Build.0 = Debug|Any CPU
		{2EC1970E-C9B6-4117-B54B-5A105E24329C}.Release|Any CPU.ActiveCfg = Release|Any CPU
		{2EC1970E-C9B6-4117-B54B-5A105E24329C}.Release|Any CPU.Build.0 = Release|Any CPU
		{0970C7B9-18AC-43CA-9753-99A5DA7FECCA}.Debug|Any CPU.ActiveCfg = Debug|Any CPU
		{0970C7B9-18AC-43CA-9753-99A5DA7FECCA}.Debug|Any CPU.Build.0 = Debug|Any CPU
		{0970C7B9-18AC-43CA-9753-99A5DA7FECCA}.Release|Any CPU.ActiveCfg = Release|Any CPU
		{0970C7B9-18AC-43CA-9753-99A5DA7FECCA}.Release|Any CPU.Build.0 = Release|Any CPU
	EndGlobalSection
	GlobalSection(SolutionProperties) = preSolution
		HideSolutionNode = FALSE
	EndGlobalSection
	GlobalSection(NestedProjects) = preSolution
		{DD02AE23-65F6-4BDD-977D-8609F29D50D5} = {9D857C2C-056F-4EBC-B5AA-6F2788F7D11C}
		{19363107-2952-4BA5-B966-CFD85B24AF73} = {BCAAB474-B9BD-4E78-ADA5-028518D43D2A}
		{5DC5B58A-30D3-4152-A046-52BEC34F5358} = {BCAAB474-B9BD-4E78-ADA5-028518D43D2A}
		{CA8ABE57-5440-4FD1-B02B-AD20F6CD0D09} = {9D857C2C-056F-4EBC-B5AA-6F2788F7D11C}
		{2EC1970E-C9B6-4117-B54B-5A105E24329C} = {9D857C2C-056F-4EBC-B5AA-6F2788F7D11C}
		{0970C7B9-18AC-43CA-9753-99A5DA7FECCA} = {85A9F396-6366-4BDB-96BD-7ABDA5C71458}
	EndGlobalSection
	GlobalSection(ExtensibilityGlobals) = postSolution
		SolutionGuid = {32BC7D33-36CD-4974-9535-9834D73693A7}
	EndGlobalSection
EndGlobal
